// !$*UTF8*$!
{
	archiveVersion = 1;
	classes = {
	};
	objectVersion = 56;
	objects = {

/* Begin PBXBuildFile section */
		F40E93EE2C5794D8007E9BF8 /* DataBaseManager.swift in Sources */ = {isa = PBXBuildFile; fileRef = F40E93ED2C5794D8007E9BF8 /* DataBaseManager.swift */; };
		F43F17B52C5F7FB900A9912B /* MyTableViewCell.swift in Sources */ = {isa = PBXBuildFile; fileRef = F43F17B42C5F7FB900A9912B /* MyTableViewCell.swift */; };
		F45C30F72C52695700DF1E9E /* AddMovieViewController.swift in Sources */ = {isa = PBXBuildFile; fileRef = F45C30F62C52695700DF1E9E /* AddMovieViewController.swift */; };
		F45C30F92C526DDD00DF1E9E /* AddMovieProtocol.swift in Sources */ = {isa = PBXBuildFile; fileRef = F45C30F82C526DDD00DF1E9E /* AddMovieProtocol.swift */; };
		F48C30DB2C5104D600FDCB43 /* AppDelegate.swift in Sources */ = {isa = PBXBuildFile; fileRef = F48C30DA2C5104D600FDCB43 /* AppDelegate.swift */; };
		F48C30DD2C5104D600FDCB43 /* SceneDelegate.swift in Sources */ = {isa = PBXBuildFile; fileRef = F48C30DC2C5104D600FDCB43 /* SceneDelegate.swift */; };
		F48C30E22C5104D600FDCB43 /* Base in Resources */ = {isa = PBXBuildFile; fileRef = F48C30E12C5104D600FDCB43 /* Base */; };
		F48C30E42C5104D700FDCB43 /* Assets.xcassets in Resources */ = {isa = PBXBuildFile; fileRef = F48C30E32C5104D700FDCB43 /* Assets.xcassets */; };
		F48C30E72C5104D700FDCB43 /* Base in Resources */ = {isa = PBXBuildFile; fileRef = F48C30E62C5104D700FDCB43 /* Base */; };
		F48C30EF2C51050800FDCB43 /* Movie.swift in Sources */ = {isa = PBXBuildFile; fileRef = F48C30EE2C51050800FDCB43 /* Movie.swift */; };
		F4CEBFB42C5FF85F005D2EED /* MyTableViewController.swift in Sources */ = {isa = PBXBuildFile; fileRef = F4CEBFB32C5FF85F005D2EED /* MyTableViewController.swift */; };
		F4CEBFB72C5FFC99005D2EED /* MovieTableViewCell.xib in Resources */ = {isa = PBXBuildFile; fileRef = F4CEBFB62C5FFC99005D2EED /* MovieTableViewCell.xib */; };
		F4CEBFB82C5FFC99005D2EED /* MovieTableViewCell.swift in Sources */ = {isa = PBXBuildFile; fileRef = F4CEBFB52C5FFC99005D2EED /* MovieTableViewCell.swift */; };
		F4CEBFBA2C600627005D2EED /* HomeViewController.swift in Sources */ = {isa = PBXBuildFile; fileRef = F4CEBFB92C600627005D2EED /* HomeViewController.swift */; };
/* End PBXBuildFile section */

/* Begin PBXFileReference section */
		F40E93ED2C5794D8007E9BF8 /* DataBaseManager.swift */ = {isa = PBXFileReference; lastKnownFileType = sourcecode.swift; path = DataBaseManager.swift; sourceTree = "<group>"; };
		F43F17B42C5F7FB900A9912B /* MyTableViewCell.swift */ = {isa = PBXFileReference; lastKnownFileType = sourcecode.swift; path = MyTableViewCell.swift; sourceTree = "<group>"; };
		F45C30F62C52695700DF1E9E /* AddMovieViewController.swift */ = {isa = PBXFileReference; lastKnownFileType = sourcecode.swift; path = AddMovieViewController.swift; sourceTree = "<group>"; };
		F45C30F82C526DDD00DF1E9E /* AddMovieProtocol.swift */ = {isa = PBXFileReference; lastKnownFileType = sourcecode.swift; path = AddMovieProtocol.swift; sourceTree = "<group>"; };
		F48C30D72C5104D600FDCB43 /* MovieList.app */ = {isa = PBXFileReference; explicitFileType = wrapper.application; includeInIndex = 0; path = MovieList.app; sourceTree = BUILT_PRODUCTS_DIR; };
		F48C30DA2C5104D600FDCB43 /* AppDelegate.swift */ = {isa = PBXFileReference; lastKnownFileType = sourcecode.swift; path = AppDelegate.swift; sourceTree = "<group>"; };
		F48C30DC2C5104D600FDCB43 /* SceneDelegate.swift */ = {isa = PBXFileReference; lastKnownFileType = sourcecode.swift; path = SceneDelegate.swift; sourceTree = "<group>"; };
		F48C30E12C5104D600FDCB43 /* Base */ = {isa = PBXFileReference; lastKnownFileType = file.storyboard; name = Base; path = Base.lproj/Main.storyboard; sourceTree = "<group>"; };
		F48C30E32C5104D700FDCB43 /* Assets.xcassets */ = {isa = PBXFileReference; lastKnownFileType = folder.assetcatalog; path = Assets.xcassets; sourceTree = "<group>"; };
		F48C30E62C5104D700FDCB43 /* Base */ = {isa = PBXFileReference; lastKnownFileType = file.storyboard; name = Base; path = Base.lproj/LaunchScreen.storyboard; sourceTree = "<group>"; };
		F48C30E82C5104D700FDCB43 /* Info.plist */ = {isa = PBXFileReference; lastKnownFileType = text.plist.xml; path = Info.plist; sourceTree = "<group>"; };
		F48C30EE2C51050800FDCB43 /* Movie.swift */ = {isa = PBXFileReference; lastKnownFileType = sourcecode.swift; path = Movie.swift; sourceTree = "<group>"; };
		F4CEBFB32C5FF85F005D2EED /* MyTableViewController.swift */ = {isa = PBXFileReference; lastKnownFileType = sourcecode.swift; path = MyTableViewController.swift; sourceTree = "<group>"; };
		F4CEBFB52C5FFC99005D2EED /* MovieTableViewCell.swift */ = {isa = PBXFileReference; lastKnownFileType = sourcecode.swift; path = MovieTableViewCell.swift; sourceTree = "<group>"; };
		F4CEBFB62C5FFC99005D2EED /* MovieTableViewCell.xib */ = {isa = PBXFileReference; lastKnownFileType = file.xib; path = MovieTableViewCell.xib; sourceTree = "<group>"; };
		F4CEBFB92C600627005D2EED /* HomeViewController.swift */ = {isa = PBXFileReference; lastKnownFileType = sourcecode.swift; path = HomeViewController.swift; sourceTree = "<group>"; };
/* End PBXFileReference section */

/* Begin PBXFrameworksBuildPhase section */
		F48C30D42C5104D600FDCB43 /* Frameworks */ = {
			isa = PBXFrameworksBuildPhase;
			buildActionMask = 2147483647;
			files = (
			);
			runOnlyForDeploymentPostprocessing = 0;
		};
/* End PBXFrameworksBuildPhase section */

/* Begin PBXGroup section */
		F48C30CE2C5104D600FDCB43 = {
			isa = PBXGroup;
			children = (
				F48C30D92C5104D600FDCB43 /* MovieList */,
				F48C30D82C5104D600FDCB43 /* Products */,
			);
			sourceTree = "<group>";
		};
		F48C30D82C5104D600FDCB43 /* Products */ = {
			isa = PBXGroup;
			children = (
				F48C30D72C5104D600FDCB43 /* MovieList.app */,
			);
			name = Products;
			sourceTree = "<group>";
		};
		F48C30D92C5104D600FDCB43 /* MovieList */ = {
			isa = PBXGroup;
			children = (
				F48C30DA2C5104D600FDCB43 /* AppDelegate.swift */,
				F48C30DC2C5104D600FDCB43 /* SceneDelegate.swift */,
				F48C30E02C5104D600FDCB43 /* Main.storyboard */,
				F48C30E32C5104D700FDCB43 /* Assets.xcassets */,
				F48C30E52C5104D700FDCB43 /* LaunchScreen.storyboard */,
				F48C30E82C5104D700FDCB43 /* Info.plist */,
				F48C30EE2C51050800FDCB43 /* Movie.swift */,
				F45C30F62C52695700DF1E9E /* AddMovieViewController.swift */,
				F45C30F82C526DDD00DF1E9E /* AddMovieProtocol.swift */,
				F40E93ED2C5794D8007E9BF8 /* DataBaseManager.swift */,
				F43F17B42C5F7FB900A9912B /* MyTableViewCell.swift */,
				F4CEBFB32C5FF85F005D2EED /* MyTableViewController.swift */,
				F4CEBFB52C5FFC99005D2EED /* MovieTableViewCell.swift */,
				F4CEBFB62C5FFC99005D2EED /* MovieTableViewCell.xib */,
				F4CEBFB92C600627005D2EED /* HomeViewController.swift */,
			);
			path = MovieList;
			sourceTree = "<group>";
		};
/* End PBXGroup section */

/* Begin PBXNativeTarget section */
		F48C30D62C5104D600FDCB43 /* MovieList */ = {
			isa = PBXNativeTarget;
			buildConfigurationList = F48C30EB2C5104D700FDCB43 /* Build configuration list for PBXNativeTarget "MovieList" */;
			buildPhases = (
				F48C30D32C5104D600FDCB43 /* Sources */,
				F48C30D42C5104D600FDCB43 /* Frameworks */,
				F48C30D52C5104D600FDCB43 /* Resources */,
			);
			buildRules = (
			);
			dependencies = (
			);
			name = MovieList;
			productName = MovieList;
			productReference = F48C30D72C5104D600FDCB43 /* MovieList.app */;
			productType = "com.apple.product-type.application";
		};
/* End PBXNativeTarget section */

/* Begin PBXProject section */
		F48C30CF2C5104D600FDCB43 /* Project object */ = {
			isa = PBXProject;
			attributes = {
				BuildIndependentTargetsInParallel = 1;
				LastSwiftUpdateCheck = 1540;
				LastUpgradeCheck = 1540;
				TargetAttributes = {
					F48C30D62C5104D600FDCB43 = {
						CreatedOnToolsVersion = 15.4;
					};
				};
			};
			buildConfigurationList = F48C30D22C5104D600FDCB43 /* Build configuration list for PBXProject "MovieList" */;
			compatibilityVersion = "Xcode 14.0";
			developmentRegion = en;
			hasScannedForEncodings = 0;
			knownRegions = (
				en,
				Base,
			);
			mainGroup = F48C30CE2C5104D600FDCB43;
			productRefGroup = F48C30D82C5104D600FDCB43 /* Products */;
			projectDirPath = "";
			projectRoot = "";
			targets = (
				F48C30D62C5104D600FDCB43 /* MovieList */,
			);
		};
/* End PBXProject section */

/* Begin PBXResourcesBuildPhase section */
		F48C30D52C5104D600FDCB43 /* Resources */ = {
			isa = PBXResourcesBuildPhase;
			buildActionMask = 2147483647;
			files = (
				F48C30E42C5104D700FDCB43 /* Assets.xcassets in Resources */,
				F48C30E72C5104D700FDCB43 /* Base in Resources */,
				F4CEBFB72C5FFC99005D2EED /* MovieTableViewCell.xib in Resources */,
				F48C30E22C5104D600FDCB43 /* Base in Resources */,
			);
			runOnlyForDeploymentPostprocessing = 0;
		};
/* End PBXResourcesBuildPhase section */

/* Begin PBXSourcesBuildPhase section */
		F48C30D32C5104D600FDCB43 /* Sources */ = {
			isa = PBXSourcesBuildPhase;
			buildActionMask = 2147483647;
			files = (
				F40E93EE2C5794D8007E9BF8 /* DataBaseManager.swift in Sources */,
				F45C30F92C526DDD00DF1E9E /* AddMovieProtocol.swift in Sources */,
				F4CEBFB42C5FF85F005D2EED /* MyTableViewController.swift in Sources */,
				F48C30DB2C5104D600FDCB43 /* AppDelegate.swift in Sources */,
				F48C30EF2C51050800FDCB43 /* Movie.swift in Sources */,
				F43F17B52C5F7FB900A9912B /* MyTableViewCell.swift in Sources */,
				F48C30DD2C5104D600FDCB43 /* SceneDelegate.swift in Sources */,
				F4CEBFB82C5FFC99005D2EED /* MovieTableViewCell.swift in Sources */,
				F45C30F72C52695700DF1E9E /* AddMovieViewController.swift in Sources */,
				F4CEBFBA2C600627005D2EED /* HomeViewController.swift in Sources */,
			);
			runOnlyForDeploymentPostprocessing = 0;
		};
/* End PBXSourcesBuildPhase section */

/* Begin PBXVariantGroup section */
		F48C30E02C5104D600FDCB43 /* Main.storyboard */ = {
			isa = PBXVariantGroup;
			children = (
				F48C30E12C5104D600FDCB43 /* Base */,
			);
			name = Main.storyboard;
			sourceTree = "<group>";
		};
		F48C30E52C5104D700FDCB43 /* LaunchScreen.storyboard */ = {
			isa = PBXVariantGroup;
			children = (
				F48C30E62C5104D700FDCB43 /* Base */,
			);
			name = LaunchScreen.storyboard;
			sourceTree = "<group>";
		};
/* End PBXVariantGroup section */

/* Begin XCBuildConfiguration section */
		F48C30E92C5104D700FDCB43 /* Debug */ = {
			isa = XCBuildConfiguration;
			buildSettings = {
				ALWAYS_SEARCH_USER_PATHS = NO;
				ASSETCATALOG_COMPILER_GENERATE_SWIFT_ASSET_SYMBOL_EXTENSIONS = YES;
				CLANG_ANALYZER_NONNULL = YES;
				CLANG_ANALYZER_NUMBER_OBJECT_CONVERSION = YES_AGGRESSIVE;
				CLANG_CXX_LANGUAGE_STANDARD = "gnu++20";
				CLANG_ENABLE_MODULES = YES;
				CLANG_ENABLE_OBJC_ARC = YES;
				CLANG_ENABLE_OBJC_WEAK = YES;
				CLANG_WARN_BLOCK_CAPTURE_AUTORELEASING = YES;
				CLANG_WARN_BOOL_CONVERSION = YES;
				CLANG_WARN_COMMA = YES;
				CLANG_WARN_CONSTANT_CONVERSION = YES;
				CLANG_WARN_DEPRECATED_OBJC_IMPLEMENTATIONS = YES;
				CLANG_WARN_DIRECT_OBJC_ISA_USAGE = YES_ERROR;
				CLANG_WARN_DOCUMENTATION_COMMENTS = YES;
				CLANG_WARN_EMPTY_BODY = YES;
				CLANG_WARN_ENUM_CONVERSION = YES;
				CLANG_WARN_INFINITE_RECURSION = YES;
				CLANG_WARN_INT_CONVERSION = YES;
				CLANG_WARN_NON_LITERAL_NULL_CONVERSION = YES;
				CLANG_WARN_OBJC_IMPLICIT_RETAIN_SELF = YES;
				CLANG_WARN_OBJC_LITERAL_CONVERSION = YES;
				CLANG_WARN_OBJC_ROOT_CLASS = YES_ERROR;
				CLANG_WARN_QUOTED_INCLUDE_IN_FRAMEWORK_HEADER = YES;
				CLANG_WARN_RANGE_LOOP_ANALYSIS = YES;
				CLANG_WARN_STRICT_PROTOTYPES = YES;
				CLANG_WARN_SUSPICIOUS_MOVE = YES;
				CLANG_WARN_UNGUARDED_AVAILABILITY = YES_AGGRESSIVE;
				CLANG_WARN_UNREACHABLE_CODE = YES;
				CLANG_WARN__DUPLICATE_METHOD_MATCH = YES;
				COPY_PHASE_STRIP = NO;
				DEBUG_INFORMATION_FORMAT = dwarf;
				ENABLE_STRICT_OBJC_MSGSEND = YES;
				ENABLE_TESTABILITY = YES;
				ENABLE_USER_SCRIPT_SANDBOXING = YES;
				GCC_C_LANGUAGE_STANDARD = gnu17;
				GCC_DYNAMIC_NO_PIC = NO;
				GCC_NO_COMMON_BLOCKS = YES;
				GCC_OPTIMIZATION_LEVEL = 0;
				GCC_PREPROCESSOR_DEFINITIONS = (
					"DEBUG=1",
					"$(inherited)",
				);
				GCC_WARN_64_TO_32_BIT_CONVERSION = YES;
				GCC_WARN_ABOUT_RETURN_TYPE = YES_ERROR;
				GCC_WARN_UNDECLARED_SELECTOR = YES;
				GCC_WARN_UNINITIALIZED_AUTOS = YES_AGGRESSIVE;
				GCC_WARN_UNUSED_FUNCTION = YES;
				GCC_WARN_UNUSED_VARIABLE = YES;
				IPHONEOS_DEPLOYMENT_TARGET = 17.5;
				LOCALIZATION_PREFERS_STRING_CATALOGS = YES;
				MTL_ENABLE_DEBUG_INFO = INCLUDE_SOURCE;
				MTL_FAST_MATH = YES;
				ONLY_ACTIVE_ARCH = YES;
				SDKROOT = iphoneos;
				SWIFT_ACTIVE_COMPILATION_CONDITIONS = "DEBUG $(inherited)";
				SWIFT_OPTIMIZATION_LEVEL = "-Onone";
			};
			name = Debug;
		};
		F48C30EA2C5104D700FDCB43 /* Release */ = {
			isa = XCBuildConfiguration;
			buildSettings = {
				ALWAYS_SEARCH_USER_PATHS = NO;
				ASSETCATALOG_COMPILER_GENERATE_SWIFT_ASSET_SYMBOL_EXTENSIONS = YES;
				CLANG_ANALYZER_NONNULL = YES;
				CLANG_ANALYZER_NUMBER_OBJECT_CONVERSION = YES_AGGRESSIVE;
				CLANG_CXX_LANGUAGE_STANDARD = "gnu++20";
				CLANG_ENABLE_MODULES = YES;
				CLANG_ENABLE_OBJC_ARC = YES;
				CLANG_ENABLE_OBJC_WEAK = YES;
				CLANG_WARN_BLOCK_CAPTURE_AUTORELEASING = YES;
				CLANG_WARN_BOOL_CONVERSION = YES;
				CLANG_WARN_COMMA = YES;
				CLANG_WARN_CONSTANT_CONVERSION = YES;
				CLANG_WARN_DEPRECATED_OBJC_IMPLEMENTATIONS = YES;
				CLANG_WARN_DIRECT_OBJC_ISA_USAGE = YES_ERROR;
				CLANG_WARN_DOCUMENTATION_COMMENTS = YES;
				CLANG_WARN_EMPTY_BODY = YES;
				CLANG_WARN_ENUM_CONVERSION = YES;
				CLANG_WARN_INFINITE_RECURSION = YES;
				CLANG_WARN_INT_CONVERSION = YES;
				CLANG_WARN_NON_LITERAL_NULL_CONVERSION = YES;
				CLANG_WARN_OBJC_IMPLICIT_RETAIN_SELF = YES;
				CLANG_WARN_OBJC_LITERAL_CONVERSION = YES;
				CLANG_WARN_OBJC_ROOT_CLASS = YES_ERROR;
				CLANG_WARN_QUOTED_INCLUDE_IN_FRAMEWORK_HEADER = YES;
				CLANG_WARN_RANGE_LOOP_ANALYSIS = YES;
				CLANG_WARN_STRICT_PROTOTYPES = YES;
				CLANG_WARN_SUSPICIOUS_MOVE = YES;
				CLANG_WARN_UNGUARDED_AVAILABILITY = YES_AGGRESSIVE;
				CLANG_WARN_UNREACHABLE_CODE = YES;
				CLANG_WARN__DUPLICATE_METHOD_MATCH = YES;
				COPY_PHASE_STRIP = NO;
				DEBUG_INFORMATION_FORMAT = "dwarf-with-dsym";
				ENABLE_NS_ASSERTIONS = NO;
				ENABLE_STRICT_OBJC_MSGSEND = YES;
				ENABLE_USER_SCRIPT_SANDBOXING = YES;
				GCC_C_LANGUAGE_STANDARD = gnu17;
				GCC_NO_COMMON_BLOCKS = YES;
				GCC_WARN_64_TO_32_BIT_CONVERSION = YES;
				GCC_WARN_ABOUT_RETURN_TYPE = YES_ERROR;
				GCC_WARN_UNDECLARED_SELECTOR = YES;
				GCC_WARN_UNINITIALIZED_AUTOS = YES_AGGRESSIVE;
				GCC_WARN_UNUSED_FUNCTION = YES;
				GCC_WARN_UNUSED_VARIABLE = YES;
				IPHONEOS_DEPLOYMENT_TARGET = 17.5;
				LOCALIZATION_PREFERS_STRING_CATALOGS = YES;
				MTL_ENABLE_DEBUG_INFO = NO;
				MTL_FAST_MATH = YES;
				SDKROOT = iphoneos;
				SWIFT_COMPILATION_MODE = wholemodule;
				VALIDATE_PRODUCT = YES;
			};
			name = Release;
		};
		F48C30EC2C5104D700FDCB43 /* Debug */ = {
			isa = XCBuildConfiguration;
			buildSettings = {
				ASSETCATALOG_COMPILER_APPICON_NAME = AppIcon;
				ASSETCATALOG_COMPILER_GLOBAL_ACCENT_COLOR_NAME = AccentColor;
				CODE_SIGN_STYLE = Automatic;
				CURRENT_PROJECT_VERSION = 1;
				GENERATE_INFOPLIST_FILE = YES;
				INFOPLIST_FILE = MovieList/Info.plist;
				INFOPLIST_KEY_UIApplicationSupportsIndirectInputEvents = YES;
				INFOPLIST_KEY_UILaunchStoryboardName = LaunchScreen;
				INFOPLIST_KEY_UIMainStoryboardFile = Main;
				INFOPLIST_KEY_UISupportedInterfaceOrientations_iPad = "UIInterfaceOrientationPortrait UIInterfaceOrientationPortraitUpsideDown UIInterfaceOrientationLandscapeLeft UIInterfaceOrientationLandscapeRight";
				INFOPLIST_KEY_UISupportedInterfaceOrientations_iPhone = "UIInterfaceOrientationPortrait UIInterfaceOrientationLandscapeLeft UIInterfaceOrientationLandscapeRight";
				LD_RUNPATH_SEARCH_PATHS = (
					"$(inherited)",
					"@executable_path/Frameworks",
				);
				MARKETING_VERSION = 1.0;
				PRODUCT_BUNDLE_IDENTIFIER = com.michael.MovieList;
				PRODUCT_NAME = "$(TARGET_NAME)";
				SWIFT_EMIT_LOC_STRINGS = YES;
				SWIFT_VERSION = 5.0;
				TARGETED_DEVICE_FAMILY = "1,2";
			};
			name = Debug;
		};
		F48C30ED2C5104D700FDCB43 /* Release */ = {
			isa = XCBuildConfiguration;
			buildSettings = {
				ASSETCATALOG_COMPILER_APPICON_NAME = AppIcon;
				ASSETCATALOG_COMPILER_GLOBAL_ACCENT_COLOR_NAME = AccentColor;
				CODE_SIGN_STYLE = Automatic;
				CURRENT_PROJECT_VERSION = 1;
				GENERATE_INFOPLIST_FILE = YES;
				INFOPLIST_FILE = MovieList/Info.plist;
				INFOPLIST_KEY_UIApplicationSupportsIndirectInputEvents = YES;
				INFOPLIST_KEY_UILaunchStoryboardName = LaunchScreen;
				INFOPLIST_KEY_UIMainStoryboardFile = Main;
				INFOPLIST_KEY_UISupportedInterfaceOrientations_iPad = "UIInterfaceOrientationPortrait UIInterfaceOrientationPortraitUpsideDown UIInterfaceOrientationLandscapeLeft UIInterfaceOrientationLandscapeRight";
				INFOPLIST_KEY_UISupportedInterfaceOrientations_iPhone = "UIInterfaceOrientationPortrait UIInterfaceOrientationLandscapeLeft UIInterfaceOrientationLandscapeRight";
				LD_RUNPATH_SEARCH_PATHS = (
					"$(inherited)",
					"@executable_path/Frameworks",
				);
				MARKETING_VERSION = 1.0;
				PRODUCT_BUNDLE_IDENTIFIER = com.michael.MovieList;
				PRODUCT_NAME = "$(TARGET_NAME)";
				SWIFT_EMIT_LOC_STRINGS = YES;
				SWIFT_VERSION = 5.0;
				TARGETED_DEVICE_FAMILY = "1,2";
			};
			name = Release;
		};
/* End XCBuildConfiguration section */

/* Begin XCConfigurationList section */
		F48C30D22C5104D600FDCB43 /* Build configuration list for PBXProject "MovieList" */ = {
			isa = XCConfigurationList;
			buildConfigurations = (
				F48C30E92C5104D700FDCB43 /* Debug */,
				F48C30EA2C5104D700FDCB43 /* Release */,
			);
			defaultConfigurationIsVisible = 0;
			defaultConfigurationName = Release;
		};
		F48C30EB2C5104D700FDCB43 /* Build configuration list for PBXNativeTarget "MovieList" */ = {
			isa = XCConfigurationList;
			buildConfigurations = (
				F48C30EC2C5104D700FDCB43 /* Debug */,
				F48C30ED2C5104D700FDCB43 /* Release */,
			);
			defaultConfigurationIsVisible = 0;
			defaultConfigurationName = Release;
		};
/* End XCConfigurationList section */
	};
	rootObject = F48C30CF2C5104D600FDCB43 /* Project object */;
}
